
Microsoft Visual Studio Solution File, Format Version 12.00
# Visual Studio Version 16
VisualStudioVersion = 16.0.29424.173
MinimumVisualStudioVersion = 10.0.40219.1
Project("{FAE04EC0-301F-11D3-BF4B-00C04F79EFBC}") = "BasicExampels", "BasicExampels\BasicExampels.csproj", "{8AAEFEBB-3076-4A7A-957D-116EEA1B54AF}"
EndProject
Global
	GlobalSection(SolutionConfigurationPlatforms) = preSolution
		Debug|Any CPU = Debug|Any CPU
		Release|Any CPU = Release|Any CPU
	EndGlobalSection
	GlobalSection(ProjectConfigurationPlatforms) = postSolution
		{8AAEFEBB-3076-4A7A-957D-116EEA1B54AF}.Debug|Any CPU.ActiveCfg = Debug|Any CPU
		{8AAEFEBB-3076-4A7A-957D-116EEA1B54AF}.Debug|Any CPU.Build.0 = Debug|Any CPU
		{8AAEFEBB-3076-4A7A-957D-116EEA1B54AF}.Release|Any CPU.ActiveCfg = Release|Any CPU
		{8AAEFEBB-3076-4A7A-957D-116EEA1B54AF}.Release|Any CPU.Build.0 = Release|Any CPU
	EndGlobalSection
	GlobalSection(SolutionProperties) = preSolution
		HideSolutionNode = FALSE
	EndGlobalSection
	GlobalSection(ExtensibilityGlobals) = postSolution
		SolutionGuid = {8072B975-A459-4181-A3AA-8CA5015F13DC}
	EndGlobalSection
EndGlobal
